// !$*UTF8*$!
{
	archiveVersion = 1;
	classes = {
	};
	objectVersion = 50;
	objects = {

/* Begin PBXBuildFile section */
		821C60D0258E70FC004FD32F /* Problem1+Extension.swift in Sources */ = {isa = PBXBuildFile; fileRef = 821C60CF258E70FC004FD32F /* Problem1+Extension.swift */; };
		82570227258D1CE8006EC3FD /* main.swift in Sources */ = {isa = PBXBuildFile; fileRef = 82570226258D1CE8006EC3FD /* main.swift */; };
		82570233258D2067006EC3FD /* DataSource.swift in Sources */ = {isa = PBXBuildFile; fileRef = 82570232258D2067006EC3FD /* DataSource.swift */; };
		82570237258D27C7006EC3FD /* Passport.swift in Sources */ = {isa = PBXBuildFile; fileRef = 82570236258D27C7006EC3FD /* Passport.swift */; };
		8283A383258F30ED00B0B87E /* Matchable.swift in Sources */ = {isa = PBXBuildFile; fileRef = 8283A382258F30ED00B0B87E /* Matchable.swift */; };
		8283A388258F3A9400B0B87E /* Passport+Behaviour.swift in Sources */ = {isa = PBXBuildFile; fileRef = 8283A387258F3A9400B0B87E /* Passport+Behaviour.swift */; };
		82CAE345258DD1BD00999547 /* Collection+Extension.swift in Sources */ = {isa = PBXBuildFile; fileRef = 82CAE344258DD1BD00999547 /* Collection+Extension.swift */; };
		82CAE348258DD3D000999547 /* String+Extension.swift in Sources */ = {isa = PBXBuildFile; fileRef = 82CAE347258DD3D000999547 /* String+Extension.swift */; };
		82CAE34D258DDA7100999547 /* Problem1.swift in Sources */ = {isa = PBXBuildFile; fileRef = 82CAE34C258DDA7100999547 /* Problem1.swift */; };
/* End PBXBuildFile section */

/* Begin PBXCopyFilesBuildPhase section */
		82570221258D1CE8006EC3FD /* CopyFiles */ = {
			isa = PBXCopyFilesBuildPhase;
			buildActionMask = 2147483647;
			dstPath = /usr/share/man/man1/;
			dstSubfolderSpec = 0;
			files = (
			);
			runOnlyForDeploymentPostprocessing = 1;
		};
/* End PBXCopyFilesBuildPhase section */

/* Begin PBXFileReference section */
		821C60CF258E70FC004FD32F /* Problem1+Extension.swift */ = {isa = PBXFileReference; lastKnownFileType = sourcecode.swift; path = "Problem1+Extension.swift"; sourceTree = "<group>"; };
		82570223258D1CE8006EC3FD /* AdvantDay4 */ = {isa = PBXFileReference; explicitFileType = "compiled.mach-o.executable"; includeInIndex = 0; path = AdvantDay4; sourceTree = BUILT_PRODUCTS_DIR; };
		82570226258D1CE8006EC3FD /* main.swift */ = {isa = PBXFileReference; fileEncoding = 4; lastKnownFileType = sourcecode.swift; path = main.swift; sourceTree = "<group>"; };
		82570232258D2067006EC3FD /* DataSource.swift */ = {isa = PBXFileReference; lastKnownFileType = sourcecode.swift; path = DataSource.swift; sourceTree = "<group>"; };
		82570236258D27C7006EC3FD /* Passport.swift */ = {isa = PBXFileReference; lastKnownFileType = sourcecode.swift; path = Passport.swift; sourceTree = "<group>"; };
		8283A382258F30ED00B0B87E /* Matchable.swift */ = {isa = PBXFileReference; lastKnownFileType = sourcecode.swift; path = Matchable.swift; sourceTree = "<group>"; };
		8283A387258F3A9400B0B87E /* Passport+Behaviour.swift */ = {isa = PBXFileReference; lastKnownFileType = sourcecode.swift; path = "Passport+Behaviour.swift"; sourceTree = "<group>"; };
		82CAE344258DD1BD00999547 /* Collection+Extension.swift */ = {isa = PBXFileReference; lastKnownFileType = sourcecode.swift; path = "Collection+Extension.swift"; sourceTree = "<group>"; };
		82CAE347258DD3D000999547 /* String+Extension.swift */ = {isa = PBXFileReference; lastKnownFileType = sourcecode.swift; path = "String+Extension.swift"; sourceTree = "<group>"; };
		82CAE34C258DDA7100999547 /* Problem1.swift */ = {isa = PBXFileReference; lastKnownFileType = sourcecode.swift; path = Problem1.swift; sourceTree = "<group>"; };
/* End PBXFileReference section */

/* Begin PBXFrameworksBuildPhase section */
		82570220258D1CE8006EC3FD /* Frameworks */ = {
			isa = PBXFrameworksBuildPhase;
			buildActionMask = 2147483647;
			files = (
			);
			runOnlyForDeploymentPostprocessing = 0;
		};
/* End PBXFrameworksBuildPhase section */

/* Begin PBXGroup section */
		821C60CD258E70E6004FD32F /* Passport */ = {
			isa = PBXGroup;
			children = (
				82570236258D27C7006EC3FD /* Passport.swift */,
				8283A387258F3A9400B0B87E /* Passport+Behaviour.swift */,
			);
			path = Passport;
			sourceTree = "<group>";
		};
		8257021A258D1CE8006EC3FD = {
			isa = PBXGroup;
			children = (
				82570225258D1CE8006EC3FD /* AdvantDay4 */,
				82570224258D1CE8006EC3FD /* Products */,
			);
			sourceTree = "<group>";
		};
		82570224258D1CE8006EC3FD /* Products */ = {
			isa = PBXGroup;
			children = (
				82570223258D1CE8006EC3FD /* AdvantDay4 */,
			);
			name = Products;
			sourceTree = "<group>";
		};
		82570225258D1CE8006EC3FD /* AdvantDay4 */ = {
			isa = PBXGroup;
			children = (
				82570226258D1CE8006EC3FD /* main.swift */,
				82CAE34C258DDA7100999547 /* Problem1.swift */,
				821C60CF258E70FC004FD32F /* Problem1+Extension.swift */,
				8283A381258F30BE00B0B87E /* Protocol */,
				821C60CD258E70E6004FD32F /* Passport */,
				82CAE34A258DDA3400999547 /* Extension */,
				82CAE34B258DDA4400999547 /* Resource */,
			);
			path = AdvantDay4;
			sourceTree = "<group>";
		};
		8283A381258F30BE00B0B87E /* Protocol */ = {
			isa = PBXGroup;
			children = (
				8283A382258F30ED00B0B87E /* Matchable.swift */,
			);
			path = Protocol;
			sourceTree = "<group>";
		};
		82CAE34A258DDA3400999547 /* Extension */ = {
			isa = PBXGroup;
			children = (
				82CAE344258DD1BD00999547 /* Collection+Extension.swift */,
				82CAE347258DD3D000999547 /* String+Extension.swift */,
			);
			path = Extension;
			sourceTree = "<group>";
		};
		82CAE34B258DDA4400999547 /* Resource */ = {
			isa = PBXGroup;
			children = (
				82570232258D2067006EC3FD /* DataSource.swift */,
			);
			path = Resource;
			sourceTree = "<group>";
		};
/* End PBXGroup section */

/* Begin PBXNativeTarget section */
		82570222258D1CE8006EC3FD /* AdvantDay4 */ = {
			isa = PBXNativeTarget;
			buildConfigurationList = 8257022A258D1CE8006EC3FD /* Build configuration list for PBXNativeTarget "AdvantDay4" */;
			buildPhases = (
				8257021F258D1CE8006EC3FD /* Sources */,
				82570220258D1CE8006EC3FD /* Frameworks */,
				82570221258D1CE8006EC3FD /* CopyFiles */,
			);
			buildRules = (
			);
			dependencies = (
			);
			name = AdvantDay4;
			productName = AdvantDay4;
			productReference = 82570223258D1CE8006EC3FD /* AdvantDay4 */;
			productType = "com.apple.product-type.tool";
		};
/* End PBXNativeTarget section */

/* Begin PBXProject section */
		8257021B258D1CE8006EC3FD /* Project object */ = {
			isa = PBXProject;
			attributes = {
				LastSwiftUpdateCheck = 1200;
				LastUpgradeCheck = 1200;
				TargetAttributes = {
					82570222258D1CE8006EC3FD = {
						CreatedOnToolsVersion = 12.0.1;
					};
				};
			};
			buildConfigurationList = 8257021E258D1CE8006EC3FD /* Build configuration list for PBXProject "AdvantDay4" */;
			compatibilityVersion = "Xcode 9.3";
			developmentRegion = en;
			hasScannedForEncodings = 0;
			knownRegions = (
				en,
				Base,
			);
			mainGroup = 8257021A258D1CE8006EC3FD;
			productRefGroup = 82570224258D1CE8006EC3FD /* Products */;
			projectDirPath = "";
			projectRoot = "";
			targets = (
				82570222258D1CE8006EC3FD /* AdvantDay4 */,
			);
		};
/* End PBXProject section */

/* Begin PBXSourcesBuildPhase section */
		8257021F258D1CE8006EC3FD /* Sources */ = {
			isa = PBXSourcesBuildPhase;
			buildActionMask = 2147483647;
			files = (
				82570237258D27C7006EC3FD /* Passport.swift in Sources */,
				821C60D0258E70FC004FD32F /* Problem1+Extension.swift in Sources */,
				8283A388258F3A9400B0B87E /* Passport+Behaviour.swift in Sources */,
				82CAE345258DD1BD00999547 /* Collection+Extension.swift in Sources */,
				8283A383258F30ED00B0B87E /* Matchable.swift in Sources */,
				82570233258D2067006EC3FD /* DataSource.swift in Sources */,
				82CAE34D258DDA7100999547 /* Problem1.swift in Sources */,
				82CAE348258DD3D000999547 /* String+Extension.swift in Sources */,
				82570227258D1CE8006EC3FD /* main.swift in Sources */,
			);
			runOnlyForDeploymentPostprocessing = 0;
		};
/* End PBXSourcesBuildPhase section */

/* Begin XCBuildConfiguration section */
		82570228258D1CE8006EC3FD /* Debug */ = {
			isa = XCBuildConfiguration;
			buildSettings = {
				ALWAYS_SEARCH_USER_PATHS = NO;
				CLANG_ANALYZER_NONNULL = YES;
				CLANG_ANALYZER_NUMBER_OBJECT_CONVERSION = YES_AGGRESSIVE;
				CLANG_CXX_LANGUAGE_STANDARD = "gnu++14";
				CLANG_CXX_LIBRARY = "libc++";
				CLANG_ENABLE_MODULES = YES;
				CLANG_ENABLE_OBJC_ARC = YES;
				CLANG_ENABLE_OBJC_WEAK = YES;
				CLANG_WARN_BLOCK_CAPTURE_AUTORELEASING = YES;
				CLANG_WARN_BOOL_CONVERSION = YES;
				CLANG_WARN_COMMA = YES;
				CLANG_WARN_CONSTANT_CONVERSION = YES;
				CLANG_WARN_DEPRECATED_OBJC_IMPLEMENTATIONS = YES;
				CLANG_WARN_DIRECT_OBJC_ISA_USAGE = YES_ERROR;
				CLANG_WARN_DOCUMENTATION_COMMENTS = YES;
				CLANG_WARN_EMPTY_BODY = YES;
				CLANG_WARN_ENUM_CONVERSION = YES;
				CLANG_WARN_INFINITE_RECURSION = YES;
				CLANG_WARN_INT_CONVERSION = YES;
				CLANG_WARN_NON_LITERAL_NULL_CONVERSION = YES;
				CLANG_WARN_OBJC_IMPLICIT_RETAIN_SELF = YES;
				CLANG_WARN_OBJC_LITERAL_CONVERSION = YES;
				CLANG_WARN_OBJC_ROOT_CLASS = YES_ERROR;
				CLANG_WARN_QUOTED_INCLUDE_IN_FRAMEWORK_HEADER = YES;
				CLANG_WARN_RANGE_LOOP_ANALYSIS = YES;
				CLANG_WARN_STRICT_PROTOTYPES = YES;
				CLANG_WARN_SUSPICIOUS_MOVE = YES;
				CLANG_WARN_UNGUARDED_AVAILABILITY = YES_AGGRESSIVE;
				CLANG_WARN_UNREACHABLE_CODE = YES;
				CLANG_WARN__DUPLICATE_METHOD_MATCH = YES;
				COPY_PHASE_STRIP = NO;
				DEBUG_INFORMATION_FORMAT = dwarf;
				ENABLE_STRICT_OBJC_MSGSEND = YES;
				ENABLE_TESTABILITY = YES;
				GCC_C_LANGUAGE_STANDARD = gnu11;
				GCC_DYNAMIC_NO_PIC = NO;
				GCC_NO_COMMON_BLOCKS = YES;
				GCC_OPTIMIZATION_LEVEL = 0;
				GCC_PREPROCESSOR_DEFINITIONS = (
					"DEBUG=1",
					"$(inherited)",
				);
				GCC_WARN_64_TO_32_BIT_CONVERSION = YES;
				GCC_WARN_ABOUT_RETURN_TYPE = YES_ERROR;
				GCC_WARN_UNDECLARED_SELECTOR = YES;
				GCC_WARN_UNINITIALIZED_AUTOS = YES_AGGRESSIVE;
				GCC_WARN_UNUSED_FUNCTION = YES;
				GCC_WARN_UNUSED_VARIABLE = YES;
				MACOSX_DEPLOYMENT_TARGET = 10.15;
				MTL_ENABLE_DEBUG_INFO = INCLUDE_SOURCE;
				MTL_FAST_MATH = YES;
				ONLY_ACTIVE_ARCH = YES;
				SDKROOT = macosx;
				SWIFT_ACTIVE_COMPILATION_CONDITIONS = DEBUG;
				SWIFT_OPTIMIZATION_LEVEL = "-Onone";
			};
			name = Debug;
		};
		82570229258D1CE8006EC3FD /* Release */ = {
			isa = XCBuildConfiguration;
			buildSettings = {
				ALWAYS_SEARCH_USER_PATHS = NO;
				CLANG_ANALYZER_NONNULL = YES;
				CLANG_ANALYZER_NUMBER_OBJECT_CONVERSION = YES_AGGRESSIVE;
				CLANG_CXX_LANGUAGE_STANDARD = "gnu++14";
				CLANG_CXX_LIBRARY = "libc++";
				CLANG_ENABLE_MODULES = YES;
				CLANG_ENABLE_OBJC_ARC = YES;
				CLANG_ENABLE_OBJC_WEAK = YES;
				CLANG_WARN_BLOCK_CAPTURE_AUTORELEASING = YES;
				CLANG_WARN_BOOL_CONVERSION = YES;
				CLANG_WARN_COMMA = YES;
				CLANG_WARN_CONSTANT_CONVERSION = YES;
				CLANG_WARN_DEPRECATED_OBJC_IMPLEMENTATIONS = YES;
				CLANG_WARN_DIRECT_OBJC_ISA_USAGE = YES_ERROR;
				CLANG_WARN_DOCUMENTATION_COMMENTS = YES;
				CLANG_WARN_EMPTY_BODY = YES;
				CLANG_WARN_ENUM_CONVERSION = YES;
				CLANG_WARN_INFINITE_RECURSION = YES;
				CLANG_WARN_INT_CONVERSION = YES;
				CLANG_WARN_NON_LITERAL_NULL_CONVERSION = YES;
				CLANG_WARN_OBJC_IMPLICIT_RETAIN_SELF = YES;
				CLANG_WARN_OBJC_LITERAL_CONVERSION = YES;
				CLANG_WARN_OBJC_ROOT_CLASS = YES_ERROR;
				CLANG_WARN_QUOTED_INCLUDE_IN_FRAMEWORK_HEADER = YES;
				CLANG_WARN_RANGE_LOOP_ANALYSIS = YES;
				CLANG_WARN_STRICT_PROTOTYPES = YES;
				CLANG_WARN_SUSPICIOUS_MOVE = YES;
				CLANG_WARN_UNGUARDED_AVAILABILITY = YES_AGGRESSIVE;
				CLANG_WARN_UNREACHABLE_CODE = YES;
				CLANG_WARN__DUPLICATE_METHOD_MATCH = YES;
				COPY_PHASE_STRIP = NO;
				DEBUG_INFORMATION_FORMAT = "dwarf-with-dsym";
				ENABLE_NS_ASSERTIONS = NO;
				ENABLE_STRICT_OBJC_MSGSEND = YES;
				GCC_C_LANGUAGE_STANDARD = gnu11;
				GCC_NO_COMMON_BLOCKS = YES;
				GCC_WARN_64_TO_32_BIT_CONVERSION = YES;
				GCC_WARN_ABOUT_RETURN_TYPE = YES_ERROR;
				GCC_WARN_UNDECLARED_SELECTOR = YES;
				GCC_WARN_UNINITIALIZED_AUTOS = YES_AGGRESSIVE;
				GCC_WARN_UNUSED_FUNCTION = YES;
				GCC_WARN_UNUSED_VARIABLE = YES;
				MACOSX_DEPLOYMENT_TARGET = 10.15;
				MTL_ENABLE_DEBUG_INFO = NO;
				MTL_FAST_MATH = YES;
				SDKROOT = macosx;
				SWIFT_COMPILATION_MODE = wholemodule;
				SWIFT_OPTIMIZATION_LEVEL = "-O";
			};
			name = Release;
		};
		8257022B258D1CE8006EC3FD /* Debug */ = {
			isa = XCBuildConfiguration;
			buildSettings = {
				CODE_SIGN_STYLE = Automatic;
				DEVELOPMENT_TEAM = NRJNYGFB33;
				ENABLE_HARDENED_RUNTIME = YES;
				PRODUCT_NAME = "$(TARGET_NAME)";
				SWIFT_VERSION = 5.0;
			};
			name = Debug;
		};
		8257022C258D1CE8006EC3FD /* Release */ = {
			isa = XCBuildConfiguration;
			buildSettings = {
				CODE_SIGN_STYLE = Automatic;
				DEVELOPMENT_TEAM = NRJNYGFB33;
				ENABLE_HARDENED_RUNTIME = YES;
				PRODUCT_NAME = "$(TARGET_NAME)";
				SWIFT_VERSION = 5.0;
			};
			name = Release;
		};
/* End XCBuildConfiguration section */

/* Begin XCConfigurationList section */
		8257021E258D1CE8006EC3FD /* Build configuration list for PBXProject "AdvantDay4" */ = {
			isa = XCConfigurationList;
			buildConfigurations = (
				82570228258D1CE8006EC3FD /* Debug */,
				82570229258D1CE8006EC3FD /* Release */,
			);
			defaultConfigurationIsVisible = 0;
			defaultConfigurationName = Release;
		};
		8257022A258D1CE8006EC3FD /* Build configuration list for PBXNativeTarget "AdvantDay4" */ = {
			isa = XCConfigurationList;
			buildConfigurations = (
				8257022B258D1CE8006EC3FD /* Debug */,
				8257022C258D1CE8006EC3FD /* Release */,
			);
			defaultConfigurationIsVisible = 0;
			defaultConfigurationName = Release;
		};
/* End XCConfigurationList section */
	};
	rootObject = 8257021B258D1CE8006EC3FD /* Project object */;
}
